
Microsoft Visual Studio Solution File, Format Version 12.00
# Visual Studio Version 16
VisualStudioVersion = 16.0.30128.74
MinimumVisualStudioVersion = 10.0.40219.1
Project("{FAE04EC0-301F-11D3-BF4B-00C04F79EFBC}") = "SharpGetTitle", "SharpGetTitle\SharpGetTitle.csproj", "{F5B81D60-6D42-4D55-9BD4-8613D7B5415F}"
EndProject
Global
	GlobalSection(SolutionConfigurationPlatforms) = preSolution
		Debug|Any CPU = Debug|Any CPU
		Release|Any CPU = Release|Any CPU
	EndGlobalSection
	GlobalSection(ProjectConfigurationPlatforms) = postSolution
		{F5B81D60-6D42-4D55-9BD4-8613D7B5415F}.Debug|Any CPU.ActiveCfg = Debug|Any CPU
		{F5B81D60-6D42-4D55-9BD4-8613D7B5415F}.Debug|Any CPU.Build.0 = Debug|Any CPU
		{F5B81D60-6D42-4D55-9BD4-8613D7B5415F}.Release|Any CPU.ActiveCfg = Release|Any CPU
		{F5B81D60-6D42-4D55-9BD4-8613D7B5415F}.Release|Any CPU.Build.0 = Release|Any CPU
	EndGlobalSection
	GlobalSection(SolutionProperties) = preSolution
		HideSolutionNode = FALSE
	EndGlobalSection
	GlobalSection(ExtensibilityGlobals) = postSolution
		SolutionGuid = {EC60202A-E734-4980-B0C4-BACCE3175517}
	EndGlobalSection
EndGlobal
